
Microsoft Visual Studio Solution File, Format Version 12.00
# Visual Studio Version 17
VisualStudioVersion = 17.0.31903.59
MinimumVisualStudioVersion = 10.0.40219.1
Project("{9A19103F-16F7-4668-BE54-9A1E7A4F7556}") = "Tests", "Tests\Tests.csproj", "{9F2035C6-654E-4873-B67A-F051FFE989FE}"
EndProject
Project("{9A19103F-16F7-4668-BE54-9A1E7A4F7556}") = "Benchmarks", "Benchmarks\Benchmarks.csproj", "{BB81B031-2661-4BC1-B0BC-3F5204BCB45F}"
EndProject
Project("{FAE04EC0-301F-11D3-BF4B-00C04F79EFBC}") = "Solutions", "Solutions\Solutions.csproj", "{5ED770C6-1F87-4246-99C6-A07BA6E771B1}"
EndProject
Global
	GlobalSection(SolutionConfigurationPlatforms) = preSolution
		Debug|Any CPU = Debug|Any CPU
		Release|Any CPU = Release|Any CPU
	EndGlobalSection
	GlobalSection(ProjectConfigurationPlatforms) = postSolution
		{9F2035C6-654E-4873-B67A-F051FFE989FE}.Debug|Any CPU.ActiveCfg = Debug|Any CPU
		{9F2035C6-654E-4873-B67A-F051FFE989FE}.Debug|Any CPU.Build.0 = Debug|Any CPU
		{9F2035C6-654E-4873-B67A-F051FFE989FE}.Release|Any CPU.ActiveCfg = Release|Any CPU
		{9F2035C6-654E-4873-B67A-F051FFE989FE}.Release|Any CPU.Build.0 = Release|Any CPU
		{BB81B031-2661-4BC1-B0BC-3F5204BCB45F}.Debug|Any CPU.ActiveCfg = Debug|Any CPU
		{BB81B031-2661-4BC1-B0BC-3F5204BCB45F}.Debug|Any CPU.Build.0 = Debug|Any CPU
		{BB81B031-2661-4BC1-B0BC-3F5204BCB45F}.Release|Any CPU.ActiveCfg = Release|Any CPU
		{BB81B031-2661-4BC1-B0BC-3F5204BCB45F}.Release|Any CPU.Build.0 = Release|Any CPU
		{5ED770C6-1F87-4246-99C6-A07BA6E771B1}.Debug|Any CPU.ActiveCfg = Debug|Any CPU
		{5ED770C6-1F87-4246-99C6-A07BA6E771B1}.Debug|Any CPU.Build.0 = Debug|Any CPU
		{5ED770C6-1F87-4246-99C6-A07BA6E771B1}.Release|Any CPU.ActiveCfg = Release|Any CPU
		{5ED770C6-1F87-4246-99C6-A07BA6E771B1}.Release|Any CPU.Build.0 = Release|Any CPU
	EndGlobalSection
	GlobalSection(SolutionProperties) = preSolution
		HideSolutionNode = FALSE
	EndGlobalSection
	GlobalSection(ExtensibilityGlobals) = postSolution
		SolutionGuid = {522DC535-17B1-41F4-8B32-C02A17CF8419}
	EndGlobalSection
EndGlobal
